// !$*UTF8*$!
{
	archiveVersion = 1;
	classes = {
	};
	objectVersion = 46;
	objects = {

/* Begin PBXBuildFile section */
		18044BBC1A3ACAA600351F8B /* main.m in Sources */ = {isa = PBXBuildFile; fileRef = 18044BBB1A3ACAA600351F8B /* main.m */; };
		18044BBF1A3ACAA600351F8B /* AppDelegate.m in Sources */ = {isa = PBXBuildFile; fileRef = 18044BBE1A3ACAA600351F8B /* AppDelegate.m */; };
		18044BC51A3ACAA600351F8B /* Main.storyboard in Resources */ = {isa = PBXBuildFile; fileRef = 18044BC31A3ACAA600351F8B /* Main.storyboard */; };
		18044BC71A3ACAA600351F8B /* Images.xcassets in Resources */ = {isa = PBXBuildFile; fileRef = 18044BC61A3ACAA600351F8B /* Images.xcassets */; };
		18044BCA1A3ACAA600351F8B /* LaunchScreen.xib in Resources */ = {isa = PBXBuildFile; fileRef = 18044BC81A3ACAA600351F8B /* LaunchScreen.xib */; };
		18044BD61A3ACAA600351F8B /* _0141212_02____Tests.m in Sources */ = {isa = PBXBuildFile; fileRef = 18044BD51A3ACAA600351F8B /* _0141212_02____Tests.m */; };
		1879DF641A3ACC7B00D0BA2F /* HMTableViewController.m in Sources */ = {isa = PBXBuildFile; fileRef = 1879DF631A3ACC7B00D0BA2F /* HMTableViewController.m */; };
		1879DF661A3ACD0000D0BA2F /* weibos.plist in Resources */ = {isa = PBXBuildFile; fileRef = 1879DF651A3ACD0000D0BA2F /* weibos.plist */; };
		1879DF691A3ACD9700D0BA2F /* HMWeibo.m in Sources */ = {isa = PBXBuildFile; fileRef = 1879DF681A3ACD9700D0BA2F /* HMWeibo.m */; };
		1879DF6C1A3AD39200D0BA2F /* HMWeiboCell.m in Sources */ = {isa = PBXBuildFile; fileRef = 1879DF6B1A3AD39200D0BA2F /* HMWeiboCell.m */; };
		1879DF6F1A3AEA0700D0BA2F /* HMWeiboFrame.m in Sources */ = {isa = PBXBuildFile; fileRef = 1879DF6E1A3AEA0700D0BA2F /* HMWeiboFrame.m */; };
/* End PBXBuildFile section */

/* Begin PBXContainerItemProxy section */
		18044BD01A3ACAA600351F8B /* PBXContainerItemProxy */ = {
			isa = PBXContainerItemProxy;
			containerPortal = 18044BAE1A3ACAA500351F8B /* Project object */;
			proxyType = 1;
			remoteGlobalIDString = 18044BB51A3ACAA600351F8B;
			remoteInfo = "20141212-02微博案例";
		};
/* End PBXContainerItemProxy section */

/* Begin PBXFileReference section */
		18044BB61A3ACAA600351F8B /* 20141212-02微博案例.app */ = {isa = PBXFileReference; explicitFileType = wrapper.application; includeInIndex = 0; path = "20141212-02微博案例.app"; sourceTree = BUILT_PRODUCTS_DIR; };
		18044BBA1A3ACAA600351F8B /* Info.plist */ = {isa = PBXFileReference; lastKnownFileType = text.plist.xml; path = Info.plist; sourceTree = "<group>"; };
		18044BBB1A3ACAA600351F8B /* main.m */ = {isa = PBXFileReference; lastKnownFileType = sourcecode.c.objc; path = main.m; sourceTree = "<group>"; };
		18044BBD1A3ACAA600351F8B /* AppDelegate.h */ = {isa = PBXFileReference; lastKnownFileType = sourcecode.c.h; path = AppDelegate.h; sourceTree = "<group>"; };
		18044BBE1A3ACAA600351F8B /* AppDelegate.m */ = {isa = PBXFileReference; lastKnownFileType = sourcecode.c.objc; path = AppDelegate.m; sourceTree = "<group>"; };
		18044BC41A3ACAA600351F8B /* Base */ = {isa = PBXFileReference; lastKnownFileType = file.storyboard; name = Base; path = Base.lproj/Main.storyboard; sourceTree = "<group>"; };
		18044BC61A3ACAA600351F8B /* Images.xcassets */ = {isa = PBXFileReference; lastKnownFileType = folder.assetcatalog; path = Images.xcassets; sourceTree = "<group>"; };
		18044BC91A3ACAA600351F8B /* Base */ = {isa = PBXFileReference; lastKnownFileType = file.xib; name = Base; path = Base.lproj/LaunchScreen.xib; sourceTree = "<group>"; };
		18044BCF1A3ACAA600351F8B /* 20141212-02微博案例Tests.xctest */ = {isa = PBXFileReference; explicitFileType = wrapper.cfbundle; includeInIndex = 0; path = "20141212-02微博案例Tests.xctest"; sourceTree = BUILT_PRODUCTS_DIR; };
		18044BD41A3ACAA600351F8B /* Info.plist */ = {isa = PBXFileReference; lastKnownFileType = text.plist.xml; path = Info.plist; sourceTree = "<group>"; };
		18044BD51A3ACAA600351F8B /* _0141212_02____Tests.m */ = {isa = PBXFileReference; lastKnownFileType = sourcecode.c.objc; path = "_0141212_02____Tests.m"; sourceTree = "<group>"; };
		1879DF621A3ACC7B00D0BA2F /* HMTableViewController.h */ = {isa = PBXFileReference; fileEncoding = 4; lastKnownFileType = sourcecode.c.h; path = HMTableViewController.h; sourceTree = "<group>"; };
		1879DF631A3ACC7B00D0BA2F /* HMTableViewController.m */ = {isa = PBXFileReference; fileEncoding = 4; lastKnownFileType = sourcecode.c.objc; path = HMTableViewController.m; sourceTree = "<group>"; };
		1879DF651A3ACD0000D0BA2F /* weibos.plist */ = {isa = PBXFileReference; fileEncoding = 4; lastKnownFileType = text.plist.xml; path = weibos.plist; sourceTree = "<group>"; };
		1879DF671A3ACD9700D0BA2F /* HMWeibo.h */ = {isa = PBXFileReference; fileEncoding = 4; lastKnownFileType = sourcecode.c.h; path = HMWeibo.h; sourceTree = "<group>"; };
		1879DF681A3ACD9700D0BA2F /* HMWeibo.m */ = {isa = PBXFileReference; fileEncoding = 4; lastKnownFileType = sourcecode.c.objc; path = HMWeibo.m; sourceTree = "<group>"; };
		1879DF6A1A3AD39200D0BA2F /* HMWeiboCell.h */ = {isa = PBXFileReference; fileEncoding = 4; lastKnownFileType = sourcecode.c.h; path = HMWeiboCell.h; sourceTree = "<group>"; };
		1879DF6B1A3AD39200D0BA2F /* HMWeiboCell.m */ = {isa = PBXFileReference; fileEncoding = 4; lastKnownFileType = sourcecode.c.objc; path = HMWeiboCell.m; sourceTree = "<group>"; };
		1879DF6D1A3AEA0700D0BA2F /* HMWeiboFrame.h */ = {isa = PBXFileReference; fileEncoding = 4; lastKnownFileType = sourcecode.c.h; path = HMWeiboFrame.h; sourceTree = "<group>"; };
		1879DF6E1A3AEA0700D0BA2F /* HMWeiboFrame.m */ = {isa = PBXFileReference; fileEncoding = 4; lastKnownFileType = sourcecode.c.objc; path = HMWeiboFrame.m; sourceTree = "<group>"; };
/* End PBXFileReference section */

/* Begin PBXFrameworksBuildPhase section */
		18044BB31A3ACAA600351F8B /* Frameworks */ = {
			isa = PBXFrameworksBuildPhase;
			buildActionMask = 2147483647;
			files = (
			);
			runOnlyForDeploymentPostprocessing = 0;
		};
		18044BCC1A3ACAA600351F8B /* Frameworks */ = {
			isa = PBXFrameworksBuildPhase;
			buildActionMask = 2147483647;
			files = (
			);
			runOnlyForDeploymentPostprocessing = 0;
		};
/* End PBXFrameworksBuildPhase section */

/* Begin PBXGroup section */
		18044BAD1A3ACAA500351F8B = {
			isa = PBXGroup;
			children = (
				18044BB81A3ACAA600351F8B /* 20141212-02微博案例 */,
				18044BD21A3ACAA600351F8B /* 20141212-02微博案例Tests */,
				18044BB71A3ACAA600351F8B /* Products */,
			);
			sourceTree = "<group>";
		};
		18044BB71A3ACAA600351F8B /* Products */ = {
			isa = PBXGroup;
			children = (
				18044BB61A3ACAA600351F8B /* 20141212-02微博案例.app */,
				18044BCF1A3ACAA600351F8B /* 20141212-02微博案例Tests.xctest */,
			);
			name = Products;
			sourceTree = "<group>";
		};
		18044BB81A3ACAA600351F8B /* 20141212-02微博案例 */ = {
			isa = PBXGroup;
			children = (
				18044BE21A3ACAD700351F8B /* Others */,
				18044BE11A3ACACF00351F8B /* Controllers */,
				18044BE01A3ACACA00351F8B /* Views */,
				18044BDF1A3ACAC400351F8B /* Models */,
				18044BB91A3ACAA600351F8B /* Supporting Files */,
			);
			path = "20141212-02微博案例";
			sourceTree = "<group>";
		};
		18044BB91A3ACAA600351F8B /* Supporting Files */ = {
			isa = PBXGroup;
			children = (
				1879DF651A3ACD0000D0BA2F /* weibos.plist */,
				18044BC61A3ACAA600351F8B /* Images.xcassets */,
				18044BBA1A3ACAA600351F8B /* Info.plist */,
				18044BBB1A3ACAA600351F8B /* main.m */,
			);
			name = "Supporting Files";
			sourceTree = "<group>";
		};
		18044BD21A3ACAA600351F8B /* 20141212-02微博案例Tests */ = {
			isa = PBXGroup;
			children = (
				18044BD51A3ACAA600351F8B /* _0141212_02____Tests.m */,
				18044BD31A3ACAA600351F8B /* Supporting Files */,
			);
			path = "20141212-02微博案例Tests";
			sourceTree = "<group>";
		};
		18044BD31A3ACAA600351F8B /* Supporting Files */ = {
			isa = PBXGroup;
			children = (
				18044BD41A3ACAA600351F8B /* Info.plist */,
			);
			name = "Supporting Files";
			sourceTree = "<group>";
		};
		18044BDF1A3ACAC400351F8B /* Models */ = {
			isa = PBXGroup;
			children = (
				1879DF671A3ACD9700D0BA2F /* HMWeibo.h */,
				1879DF681A3ACD9700D0BA2F /* HMWeibo.m */,
				1879DF6D1A3AEA0700D0BA2F /* HMWeiboFrame.h */,
				1879DF6E1A3AEA0700D0BA2F /* HMWeiboFrame.m */,
			);
			name = Models;
			sourceTree = "<group>";
		};
		18044BE01A3ACACA00351F8B /* Views */ = {
			isa = PBXGroup;
			children = (
				18044BC31A3ACAA600351F8B /* Main.storyboard */,
				18044BC81A3ACAA600351F8B /* LaunchScreen.xib */,
				1879DF6A1A3AD39200D0BA2F /* HMWeiboCell.h */,
				1879DF6B1A3AD39200D0BA2F /* HMWeiboCell.m */,
			);
			name = Views;
			sourceTree = "<group>";
		};
		18044BE11A3ACACF00351F8B /* Controllers */ = {
			isa = PBXGroup;
			children = (
				1879DF621A3ACC7B00D0BA2F /* HMTableViewController.h */,
				1879DF631A3ACC7B00D0BA2F /* HMTableViewController.m */,
			);
			name = Controllers;
			sourceTree = "<group>";
		};
		18044BE21A3ACAD700351F8B /* Others */ = {
			isa = PBXGroup;
			children = (
				18044BBD1A3ACAA600351F8B /* AppDelegate.h */,
				18044BBE1A3ACAA600351F8B /* AppDelegate.m */,
			);
			name = Others;
			sourceTree = "<group>";
		};
/* End PBXGroup section */

/* Begin PBXNativeTarget section */
		18044BB51A3ACAA600351F8B /* 20141212-02微博案例 */ = {
			isa = PBXNativeTarget;
			buildConfigurationList = 18044BD91A3ACAA600351F8B /* Build configuration list for PBXNativeTarget "20141212-02微博案例" */;
			buildPhases = (
				18044BB21A3ACAA600351F8B /* Sources */,
				18044BB31A3ACAA600351F8B /* Frameworks */,
				18044BB41A3ACAA600351F8B /* Resources */,
			);
			buildRules = (
			);
			dependencies = (
			);
			name = "20141212-02微博案例";
			productName = "20141212-02微博案例";
			productReference = 18044BB61A3ACAA600351F8B /* 20141212-02微博案例.app */;
			productType = "com.apple.product-type.application";
		};
		18044BCE1A3ACAA600351F8B /* 20141212-02微博案例Tests */ = {
			isa = PBXNativeTarget;
			buildConfigurationList = 18044BDC1A3ACAA600351F8B /* Build configuration list for PBXNativeTarget "20141212-02微博案例Tests" */;
			buildPhases = (
				18044BCB1A3ACAA600351F8B /* Sources */,
				18044BCC1A3ACAA600351F8B /* Frameworks */,
				18044BCD1A3ACAA600351F8B /* Resources */,
			);
			buildRules = (
			);
			dependencies = (
				18044BD11A3ACAA600351F8B /* PBXTargetDependency */,
			);
			name = "20141212-02微博案例Tests";
			productName = "20141212-02微博案例Tests";
			productReference = 18044BCF1A3ACAA600351F8B /* 20141212-02微博案例Tests.xctest */;
			productType = "com.apple.product-type.bundle.unit-test";
		};
/* End PBXNativeTarget section */

/* Begin PBXProject section */
		18044BAE1A3ACAA500351F8B /* Project object */ = {
			isa = PBXProject;
			attributes = {
				CLASSPREFIX = HM;
				LastUpgradeCheck = 0610;
				ORGANIZATIONNAME = heima;
				TargetAttributes = {
					18044BB51A3ACAA600351F8B = {
						CreatedOnToolsVersion = 6.1;
					};
					18044BCE1A3ACAA600351F8B = {
						CreatedOnToolsVersion = 6.1;
						TestTargetID = 18044BB51A3ACAA600351F8B;
					};
				};
			};
			buildConfigurationList = 18044BB11A3ACAA500351F8B /* Build configuration list for PBXProject "20141212-02微博案例" */;
			compatibilityVersion = "Xcode 3.2";
			developmentRegion = English;
			hasScannedForEncodings = 0;
			knownRegions = (
				en,
				Base,
			);
			mainGroup = 18044BAD1A3ACAA500351F8B;
			productRefGroup = 18044BB71A3ACAA600351F8B /* Products */;
			projectDirPath = "";
			projectRoot = "";
			targets = (
				18044BB51A3ACAA600351F8B /* 20141212-02微博案例 */,
				18044BCE1A3ACAA600351F8B /* 20141212-02微博案例Tests */,
			);
		};
/* End PBXProject section */

/* Begin PBXResourcesBuildPhase section */
		18044BB41A3ACAA600351F8B /* Resources */ = {
			isa = PBXResourcesBuildPhase;
			buildActionMask = 2147483647;
			files = (
				18044BC51A3ACAA600351F8B /* Main.storyboard in Resources */,
				18044BCA1A3ACAA600351F8B /* LaunchScreen.xib in Resources */,
				18044BC71A3ACAA600351F8B /* Images.xcassets in Resources */,
				1879DF661A3ACD0000D0BA2F /* weibos.plist in Resources */,
			);
			runOnlyForDeploymentPostprocessing = 0;
		};
		18044BCD1A3ACAA600351F8B /* Resources */ = {
			isa = PBXResourcesBuildPhase;
			buildActionMask = 2147483647;
			files = (
			);
			runOnlyForDeploymentPostprocessing = 0;
		};
/* End PBXResourcesBuildPhase section */

/* Begin PBXSourcesBuildPhase section */
		18044BB21A3ACAA600351F8B /* Sources */ = {
			isa = PBXSourcesBuildPhase;
			buildActionMask = 2147483647;
			files = (
				18044BBF1A3ACAA600351F8B /* AppDelegate.m in Sources */,
				1879DF6C1A3AD39200D0BA2F /* HMWeiboCell.m in Sources */,
				18044BBC1A3ACAA600351F8B /* main.m in Sources */,
				1879DF6F1A3AEA0700D0BA2F /* HMWeiboFrame.m in Sources */,
				1879DF641A3ACC7B00D0BA2F /* HMTableViewController.m in Sources */,
				1879DF691A3ACD9700D0BA2F /* HMWeibo.m in Sources */,
			);
			runOnlyForDeploymentPostprocessing = 0;
		};
		18044BCB1A3ACAA600351F8B /* Sources */ = {
			isa = PBXSourcesBuildPhase;
			buildActionMask = 2147483647;
			files = (
				18044BD61A3ACAA600351F8B /* _0141212_02____Tests.m in Sources */,
			);
			runOnlyForDeploymentPostprocessing = 0;
		};
/* End PBXSourcesBuildPhase section */

/* Begin PBXTargetDependency section */
		18044BD11A3ACAA600351F8B /* PBXTargetDependency */ = {
			isa = PBXTargetDependency;
			target = 18044BB51A3ACAA600351F8B /* 20141212-02微博案例 */;
			targetProxy = 18044BD01A3ACAA600351F8B /* PBXContainerItemProxy */;
		};
/* End PBXTargetDependency section */

/* Begin PBXVariantGroup section */
		18044BC31A3ACAA600351F8B /* Main.storyboard */ = {
			isa = PBXVariantGroup;
			children = (
				18044BC41A3ACAA600351F8B /* Base */,
			);
			name = Main.storyboard;
			sourceTree = "<group>";
		};
		18044BC81A3ACAA600351F8B /* LaunchScreen.xib */ = {
			isa = PBXVariantGroup;
			children = (
				18044BC91A3ACAA600351F8B /* Base */,
			);
			name = LaunchScreen.xib;
			sourceTree = "<group>";
		};
/* End PBXVariantGroup section */

/* Begin XCBuildConfiguration section */
		18044BD71A3ACAA600351F8B /* Debug */ = {
			isa = XCBuildConfiguration;
			buildSettings = {
				ALWAYS_SEARCH_USER_PATHS = NO;
				CLANG_CXX_LANGUAGE_STANDARD = "gnu++0x";
				CLANG_CXX_LIBRARY = "libc++";
				CLANG_ENABLE_MODULES = YES;
				CLANG_ENABLE_OBJC_ARC = YES;
				CLANG_WARN_BOOL_CONVERSION = YES;
				CLANG_WARN_CONSTANT_CONVERSION = YES;
				CLANG_WARN_DIRECT_OBJC_ISA_USAGE = YES_ERROR;
				CLANG_WARN_EMPTY_BODY = YES;
				CLANG_WARN_ENUM_CONVERSION = YES;
				CLANG_WARN_INT_CONVERSION = YES;
				CLANG_WARN_OBJC_ROOT_CLASS = YES_ERROR;
				CLANG_WARN_UNREACHABLE_CODE = YES;
				CLANG_WARN__DUPLICATE_METHOD_MATCH = YES;
				"CODE_SIGN_IDENTITY[sdk=iphoneos*]" = "iPhone Developer";
				COPY_PHASE_STRIP = NO;
				ENABLE_STRICT_OBJC_MSGSEND = YES;
				GCC_C_LANGUAGE_STANDARD = gnu99;
				GCC_DYNAMIC_NO_PIC = NO;
				GCC_OPTIMIZATION_LEVEL = 0;
				GCC_PREPROCESSOR_DEFINITIONS = (
					"DEBUG=1",
					"$(inherited)",
				);
				GCC_SYMBOLS_PRIVATE_EXTERN = NO;
				GCC_WARN_64_TO_32_BIT_CONVERSION = YES;
				GCC_WARN_ABOUT_RETURN_TYPE = YES_ERROR;
				GCC_WARN_UNDECLARED_SELECTOR = YES;
				GCC_WARN_UNINITIALIZED_AUTOS = YES_AGGRESSIVE;
				GCC_WARN_UNUSED_FUNCTION = YES;
				GCC_WARN_UNUSED_VARIABLE = YES;
				IPHONEOS_DEPLOYMENT_TARGET = 8.1;
				MTL_ENABLE_DEBUG_INFO = YES;
				ONLY_ACTIVE_ARCH = YES;
				SDKROOT = iphoneos;
			};
			name = Debug;
		};
		18044BD81A3ACAA600351F8B /* Release */ = {
			isa = XCBuildConfiguration;
			buildSettings = {
				ALWAYS_SEARCH_USER_PATHS = NO;
				CLANG_CXX_LANGUAGE_STANDARD = "gnu++0x";
				CLANG_CXX_LIBRARY = "libc++";
				CLANG_ENABLE_MODULES = YES;
				CLANG_ENABLE_OBJC_ARC = YES;
				CLANG_WARN_BOOL_CONVERSION = YES;
				CLANG_WARN_CONSTANT_CONVERSION = YES;
				CLANG_WARN_DIRECT_OBJC_ISA_USAGE = YES_ERROR;
				CLANG_WARN_EMPTY_BODY = YES;
				CLANG_WARN_ENUM_CONVERSION = YES;
				CLANG_WARN_INT_CONVERSION = YES;
				CLANG_WARN_OBJC_ROOT_CLASS = YES_ERROR;
				CLANG_WARN_UNREACHABLE_CODE = YES;
				CLANG_WARN__DUPLICATE_METHOD_MATCH = YES;
				"CODE_SIGN_IDENTITY[sdk=iphoneos*]" = "iPhone Developer";
				COPY_PHASE_STRIP = YES;
				ENABLE_NS_ASSERTIONS = NO;
				ENABLE_STRICT_OBJC_MSGSEND = YES;
				GCC_C_LANGUAGE_STANDARD = gnu99;
				GCC_WARN_64_TO_32_BIT_CONVERSION = YES;
				GCC_WARN_ABOUT_RETURN_TYPE = YES_ERROR;
				GCC_WARN_UNDECLARED_SELECTOR = YES;
				GCC_WARN_UNINITIALIZED_AUTOS = YES_AGGRESSIVE;
				GCC_WARN_UNUSED_FUNCTION = YES;
				GCC_WARN_UNUSED_VARIABLE = YES;
				IPHONEOS_DEPLOYMENT_TARGET = 8.1;
				MTL_ENABLE_DEBUG_INFO = NO;
				SDKROOT = iphoneos;
				VALIDATE_PRODUCT = YES;
			};
			name = Release;
		};
		18044BDA1A3ACAA600351F8B /* Debug */ = {
			isa = XCBuildConfiguration;
			buildSettings = {
				ASSETCATALOG_COMPILER_APPICON_NAME = AppIcon;
				INFOPLIST_FILE = "20141212-02微博案例/Info.plist";
				LD_RUNPATH_SEARCH_PATHS = "$(inherited) @executable_path/Frameworks";
				PRODUCT_NAME = "$(TARGET_NAME)";
			};
			name = Debug;
		};
		18044BDB1A3ACAA600351F8B /* Release */ = {
			isa = XCBuildConfiguration;
			buildSettings = {
				ASSETCATALOG_COMPILER_APPICON_NAME = AppIcon;
				INFOPLIST_FILE = "20141212-02微博案例/Info.plist";
				LD_RUNPATH_SEARCH_PATHS = "$(inherited) @executable_path/Frameworks";
				PRODUCT_NAME = "$(TARGET_NAME)";
			};
			name = Release;
		};
		18044BDD1A3ACAA600351F8B /* Debug */ = {
			isa = XCBuildConfiguration;
			buildSettings = {
				BUNDLE_LOADER = "$(TEST_HOST)";
				FRAMEWORK_SEARCH_PATHS = (
					"$(SDKROOT)/Developer/Library/Frameworks",
					"$(inherited)",
				);
				GCC_PREPROCESSOR_DEFINITIONS = (
					"DEBUG=1",
					"$(inherited)",
				);
				INFOPLIST_FILE = "20141212-02微博案例Tests/Info.plist";
				LD_RUNPATH_SEARCH_PATHS = "$(inherited) @executable_path/Frameworks @loader_path/Frameworks";
				PRODUCT_NAME = "$(TARGET_NAME)";
				TEST_HOST = "$(BUILT_PRODUCTS_DIR)/20141212-02微博案例.app/20141212-02微博案例";
			};
			name = Debug;
		};
		18044BDE1A3ACAA600351F8B /* Release */ = {
			isa = XCBuildConfiguration;
			buildSettings = {
				BUNDLE_LOADER = "$(TEST_HOST)";
				FRAMEWORK_SEARCH_PATHS = (
					"$(SDKROOT)/Developer/Library/Frameworks",
					"$(inherited)",
				);
				INFOPLIST_FILE = "20141212-02微博案例Tests/Info.plist";
				LD_RUNPATH_SEARCH_PATHS = "$(inherited) @executable_path/Frameworks @loader_path/Frameworks";
				PRODUCT_NAME = "$(TARGET_NAME)";
				TEST_HOST = "$(BUILT_PRODUCTS_DIR)/20141212-02微博案例.app/20141212-02微博案例";
			};
			name = Release;
		};
/* End XCBuildConfiguration section */

/* Begin XCConfigurationList section */
		18044BB11A3ACAA500351F8B /* Build configuration list for PBXProject "20141212-02微博案例" */ = {
			isa = XCConfigurationList;
			buildConfigurations = (
				18044BD71A3ACAA600351F8B /* Debug */,
				18044BD81A3ACAA600351F8B /* Release */,
			);
			defaultConfigurationIsVisible = 0;
			defaultConfigurationName = Release;
		};
		18044BD91A3ACAA600351F8B /* Build configuration list for PBXNativeTarget "20141212-02微博案例" */ = {
			isa = XCConfigurationList;
			buildConfigurations = (
				18044BDA1A3ACAA600351F8B /* Debug */,
				18044BDB1A3ACAA600351F8B /* Release */,
			);
			defaultConfigurationIsVisible = 0;
			defaultConfigurationName = Release;
		};
		18044BDC1A3ACAA600351F8B /* Build configuration list for PBXNativeTarget "20141212-02微博案例Tests" */ = {
			isa = XCConfigurationList;
			buildConfigurations = (
				18044BDD1A3ACAA600351F8B /* Debug */,
				18044BDE1A3ACAA600351F8B /* Release */,
			);
			defaultConfigurationIsVisible = 0;
			defaultConfigurationName = Release;
		};
/* End XCConfigurationList section */
	};
	rootObject = 18044BAE1A3ACAA500351F8B /* Project object */;
}
